
Microsoft Visual Studio Solution File, Format Version 12.00
# Visual Studio 15
VisualStudioVersion = 15.0.27102.0
MinimumVisualStudioVersion = 10.0.40219.1
Project("{FAE04EC0-301F-11D3-BF4B-00C04F79EFBC}") = "XAML Controls with Grid", "XAML Controls with Grid\XAML Controls with Grid.csproj", "{DF035065-E162-4A54-9052-40EEC79A473E}"
EndProject
Global
	GlobalSection(SolutionConfigurationPlatforms) = preSolution
		Debug|ARM = Debug|ARM
		Debug|x64 = Debug|x64
		Debug|x86 = Debug|x86
		Release|ARM = Release|ARM
		Release|x64 = Release|x64
		Release|x86 = Release|x86
	EndGlobalSection
	GlobalSection(ProjectConfigurationPlatforms) = postSolution
		{DF035065-E162-4A54-9052-40EEC79A473E}.Debug|ARM.ActiveCfg = Debug|ARM
		{DF035065-E162-4A54-9052-40EEC79A473E}.Debug|ARM.Build.0 = Debug|ARM
		{DF035065-E162-4A54-9052-40EEC79A473E}.Debug|ARM.Deploy.0 = Debug|ARM
		{DF035065-E162-4A54-9052-40EEC79A473E}.Debug|x64.ActiveCfg = Debug|x64
		{DF035065-E162-4A54-9052-40EEC79A473E}.Debug|x64.Build.0 = Debug|x64
		{DF035065-E162-4A54-9052-40EEC79A473E}.Debug|x64.Deploy.0 = Debug|x64
		{DF035065-E162-4A54-9052-40EEC79A473E}.Debug|x86.ActiveCfg = Debug|x86
		{DF035065-E162-4A54-9052-40EEC79A473E}.Debug|x86.Build.0 = Debug|x86
		{DF035065-E162-4A54-9052-40EEC79A473E}.Debug|x86.Deploy.0 = Debug|x86
		{DF035065-E162-4A54-9052-40EEC79A473E}.Release|ARM.ActiveCfg = Release|ARM
		{DF035065-E162-4A54-9052-40EEC79A473E}.Release|ARM.Build.0 = Release|ARM
		{DF035065-E162-4A54-9052-40EEC79A473E}.Release|ARM.Deploy.0 = Release|ARM
		{DF035065-E162-4A54-9052-40EEC79A473E}.Release|x64.ActiveCfg = Release|x64
		{DF035065-E162-4A54-9052-40EEC79A473E}.Release|x64.Build.0 = Release|x64
		{DF035065-E162-4A54-9052-40EEC79A473E}.Release|x64.Deploy.0 = Release|x64
		{DF035065-E162-4A54-9052-40EEC79A473E}.Release|x86.ActiveCfg = Release|x86
		{DF035065-E162-4A54-9052-40EEC79A473E}.Release|x86.Build.0 = Release|x86
		{DF035065-E162-4A54-9052-40EEC79A473E}.Release|x86.Deploy.0 = Release|x86
	EndGlobalSection
	GlobalSection(SolutionProperties) = preSolution
		HideSolutionNode = FALSE
	EndGlobalSection
	GlobalSection(ExtensibilityGlobals) = postSolution
		SolutionGuid = {F0F91066-9019-4B81-B999-5F06AC92381D}
	EndGlobalSection
EndGlobal
